
Microsoft Visual Studio Solution File, Format Version 12.00
# Visual Studio 15
VisualStudioVersion = 15.0.26228.9
MinimumVisualStudioVersion = 10.0.40219.1
Project("{FAE04EC0-301F-11D3-BF4B-00C04F79EFBC}") = "Frends.Community.AWS.Upload", "Frends.Community.AWS.Upload\Frends.Community.AWS.Upload.csproj", "{F1E9A4F4-9A5A-41ED-BF69-C50D6F443673}"
EndProject
Project("{FAE04EC0-301F-11D3-BF4B-00C04F79EFBC}") = "Frends.Community.AWS.Download", "Frends.Community.AWS.Download\Frends.Community.AWS.Download.csproj", "{DD893081-F509-4DC1-A720-9704791387C5}"
EndProject
Project("{FAE04EC0-301F-11D3-BF4B-00C04F79EFBC}") = "Frends.Community.AWS.Listing", "Frends.Community.AWS.Listing\Frends.Community.AWS.Listing.csproj", "{858F258A-0B61-4EAE-BA59-B6E80F03AE16}"
EndProject
Project("{FAE04EC0-301F-11D3-BF4B-00C04F79EFBC}") = "Frends.Community.AWS.Tests", "Frends.Community.AWS.Tests\Frends.Community.AWS.Tests.csproj", "{64B0CEE2-1121-482E-A227-AC932D827ABD}"
EndProject
Global
	GlobalSection(SolutionConfigurationPlatforms) = preSolution
		Debug|Any CPU = Debug|Any CPU
		Release|Any CPU = Release|Any CPU
	EndGlobalSection
	GlobalSection(ProjectConfigurationPlatforms) = postSolution
		{F1E9A4F4-9A5A-41ED-BF69-C50D6F443673}.Debug|Any CPU.ActiveCfg = Debug|Any CPU
		{F1E9A4F4-9A5A-41ED-BF69-C50D6F443673}.Debug|Any CPU.Build.0 = Debug|Any CPU
		{F1E9A4F4-9A5A-41ED-BF69-C50D6F443673}.Release|Any CPU.ActiveCfg = Release|Any CPU
		{F1E9A4F4-9A5A-41ED-BF69-C50D6F443673}.Release|Any CPU.Build.0 = Release|Any CPU
		{DD893081-F509-4DC1-A720-9704791387C5}.Debug|Any CPU.ActiveCfg = Debug|Any CPU
		{DD893081-F509-4DC1-A720-9704791387C5}.Debug|Any CPU.Build.0 = Debug|Any CPU
		{DD893081-F509-4DC1-A720-9704791387C5}.Release|Any CPU.ActiveCfg = Release|Any CPU
		{DD893081-F509-4DC1-A720-9704791387C5}.Release|Any CPU.Build.0 = Release|Any CPU
		{858F258A-0B61-4EAE-BA59-B6E80F03AE16}.Debug|Any CPU.ActiveCfg = Debug|Any CPU
		{858F258A-0B61-4EAE-BA59-B6E80F03AE16}.Debug|Any CPU.Build.0 = Debug|Any CPU
		{858F258A-0B61-4EAE-BA59-B6E80F03AE16}.Release|Any CPU.ActiveCfg = Release|Any CPU
		{858F258A-0B61-4EAE-BA59-B6E80F03AE16}.Release|Any CPU.Build.0 = Release|Any CPU
		{64B0CEE2-1121-482E-A227-AC932D827ABD}.Debug|Any CPU.ActiveCfg = Debug|Any CPU
		{64B0CEE2-1121-482E-A227-AC932D827ABD}.Debug|Any CPU.Build.0 = Debug|Any CPU
		{64B0CEE2-1121-482E-A227-AC932D827ABD}.Release|Any CPU.ActiveCfg = Release|Any CPU
		{64B0CEE2-1121-482E-A227-AC932D827ABD}.Release|Any CPU.Build.0 = Release|Any CPU
	EndGlobalSection
	GlobalSection(SolutionProperties) = preSolution
		HideSolutionNode = FALSE
	EndGlobalSection
EndGlobal
